
Microsoft Visual Studio Solution File, Format Version 12.00
# Visual Studio 15
VisualStudioVersion = 15.0.26124.0
MinimumVisualStudioVersion = 15.0.26124.0
Project("{FAE04EC0-301F-11D3-BF4B-00C04F79EFBC}") = "Domain", "Domain\Domain.csproj", "{467DE64B-193B-4F8D-8797-41B3BFAA5B2A}"
EndProject
Project("{FAE04EC0-301F-11D3-BF4B-00C04F79EFBC}") = "Application", "Application\Application.csproj", "{85DCB69F-73B0-4F58-8D1C-548949D2138E}"
EndProject
Project("{FAE04EC0-301F-11D3-BF4B-00C04F79EFBC}") = "Persistence", "Persistence\Persistence.csproj", "{FF813AA1-1F0F-44FF-BC3C-F545E56AC466}"
EndProject
Project("{FAE04EC0-301F-11D3-BF4B-00C04F79EFBC}") = "API", "API\API.csproj", "{43E1CAAE-2C1B-47A5-8690-ECB4F3E91A71}"
EndProject
Project("{FAE04EC0-301F-11D3-BF4B-00C04F79EFBC}") = "Infrastructure", "Infrastructure\Infrastructure.csproj", "{F9BF9365-2AC5-483A-AD01-125F132DB572}"
EndProject
Global
	GlobalSection(SolutionConfigurationPlatforms) = preSolution
		Debug|Any CPU = Debug|Any CPU
		Debug|x64 = Debug|x64
		Debug|x86 = Debug|x86
		Release|Any CPU = Release|Any CPU
		Release|x64 = Release|x64
		Release|x86 = Release|x86
	EndGlobalSection
	GlobalSection(SolutionProperties) = preSolution
		HideSolutionNode = FALSE
	EndGlobalSection
	GlobalSection(ProjectConfigurationPlatforms) = postSolution
		{467DE64B-193B-4F8D-8797-41B3BFAA5B2A}.Debug|Any CPU.ActiveCfg = Debug|Any CPU
		{467DE64B-193B-4F8D-8797-41B3BFAA5B2A}.Debug|Any CPU.Build.0 = Debug|Any CPU
		{467DE64B-193B-4F8D-8797-41B3BFAA5B2A}.Debug|x64.ActiveCfg = Debug|Any CPU
		{467DE64B-193B-4F8D-8797-41B3BFAA5B2A}.Debug|x64.Build.0 = Debug|Any CPU
		{467DE64B-193B-4F8D-8797-41B3BFAA5B2A}.Debug|x86.ActiveCfg = Debug|Any CPU
		{467DE64B-193B-4F8D-8797-41B3BFAA5B2A}.Debug|x86.Build.0 = Debug|Any CPU
		{467DE64B-193B-4F8D-8797-41B3BFAA5B2A}.Release|Any CPU.ActiveCfg = Release|Any CPU
		{467DE64B-193B-4F8D-8797-41B3BFAA5B2A}.Release|Any CPU.Build.0 = Release|Any CPU
		{467DE64B-193B-4F8D-8797-41B3BFAA5B2A}.Release|x64.ActiveCfg = Release|Any CPU
		{467DE64B-193B-4F8D-8797-41B3BFAA5B2A}.Release|x64.Build.0 = Release|Any CPU
		{467DE64B-193B-4F8D-8797-41B3BFAA5B2A}.Release|x86.ActiveCfg = Release|Any CPU
		{467DE64B-193B-4F8D-8797-41B3BFAA5B2A}.Release|x86.Build.0 = Release|Any CPU
		{85DCB69F-73B0-4F58-8D1C-548949D2138E}.Debug|Any CPU.ActiveCfg = Debug|Any CPU
		{85DCB69F-73B0-4F58-8D1C-548949D2138E}.Debug|Any CPU.Build.0 = Debug|Any CPU
		{85DCB69F-73B0-4F58-8D1C-548949D2138E}.Debug|x64.ActiveCfg = Debug|Any CPU
		{85DCB69F-73B0-4F58-8D1C-548949D2138E}.Debug|x64.Build.0 = Debug|Any CPU
		{85DCB69F-73B0-4F58-8D1C-548949D2138E}.Debug|x86.ActiveCfg = Debug|Any CPU
		{85DCB69F-73B0-4F58-8D1C-548949D2138E}.Debug|x86.Build.0 = Debug|Any CPU
		{85DCB69F-73B0-4F58-8D1C-548949D2138E}.Release|Any CPU.ActiveCfg = Release|Any CPU
		{85DCB69F-73B0-4F58-8D1C-548949D2138E}.Release|Any CPU.Build.0 = Release|Any CPU
		{85DCB69F-73B0-4F58-8D1C-548949D2138E}.Release|x64.ActiveCfg = Release|Any CPU
		{85DCB69F-73B0-4F58-8D1C-548949D2138E}.Release|x64.Build.0 = Release|Any CPU
		{85DCB69F-73B0-4F58-8D1C-548949D2138E}.Release|x86.ActiveCfg = Release|Any CPU
		{85DCB69F-73B0-4F58-8D1C-548949D2138E}.Release|x86.Build.0 = Release|Any CPU
		{FF813AA1-1F0F-44FF-BC3C-F545E56AC466}.Debug|Any CPU.ActiveCfg = Debug|Any CPU
		{FF813AA1-1F0F-44FF-BC3C-F545E56AC466}.Debug|Any CPU.Build.0 = Debug|Any CPU
		{FF813AA1-1F0F-44FF-BC3C-F545E56AC466}.Debug|x64.ActiveCfg = Debug|Any CPU
		{FF813AA1-1F0F-44FF-BC3C-F545E56AC466}.Debug|x64.Build.0 = Debug|Any CPU
		{FF813AA1-1F0F-44FF-BC3C-F545E56AC466}.Debug|x86.ActiveCfg = Debug|Any CPU
		{FF813AA1-1F0F-44FF-BC3C-F545E56AC466}.Debug|x86.Build.0 = Debug|Any CPU
		{FF813AA1-1F0F-44FF-BC3C-F545E56AC466}.Release|Any CPU.ActiveCfg = Release|Any CPU
		{FF813AA1-1F0F-44FF-BC3C-F545E56AC466}.Release|Any CPU.Build.0 = Release|Any CPU
		{FF813AA1-1F0F-44FF-BC3C-F545E56AC466}.Release|x64.ActiveCfg = Release|Any CPU
		{FF813AA1-1F0F-44FF-BC3C-F545E56AC466}.Release|x64.Build.0 = Release|Any CPU
		{FF813AA1-1F0F-44FF-BC3C-F545E56AC466}.Release|x86.ActiveCfg = Release|Any CPU
		{FF813AA1-1F0F-44FF-BC3C-F545E56AC466}.Release|x86.Build.0 = Release|Any CPU
		{43E1CAAE-2C1B-47A5-8690-ECB4F3E91A71}.Debug|Any CPU.ActiveCfg = Debug|Any CPU
		{43E1CAAE-2C1B-47A5-8690-ECB4F3E91A71}.Debug|Any CPU.Build.0 = Debug|Any CPU
		{43E1CAAE-2C1B-47A5-8690-ECB4F3E91A71}.Debug|x64.ActiveCfg = Debug|Any CPU
		{43E1CAAE-2C1B-47A5-8690-ECB4F3E91A71}.Debug|x64.Build.0 = Debug|Any CPU
		{43E1CAAE-2C1B-47A5-8690-ECB4F3E91A71}.Debug|x86.ActiveCfg = Debug|Any CPU
		{43E1CAAE-2C1B-47A5-8690-ECB4F3E91A71}.Debug|x86.Build.0 = Debug|Any CPU
		{43E1CAAE-2C1B-47A5-8690-ECB4F3E91A71}.Release|Any CPU.ActiveCfg = Release|Any CPU
		{43E1CAAE-2C1B-47A5-8690-ECB4F3E91A71}.Release|Any CPU.Build.0 = Release|Any CPU
		{43E1CAAE-2C1B-47A5-8690-ECB4F3E91A71}.Release|x64.ActiveCfg = Release|Any CPU
		{43E1CAAE-2C1B-47A5-8690-ECB4F3E91A71}.Release|x64.Build.0 = Release|Any CPU
		{43E1CAAE-2C1B-47A5-8690-ECB4F3E91A71}.Release|x86.ActiveCfg = Release|Any CPU
		{43E1CAAE-2C1B-47A5-8690-ECB4F3E91A71}.Release|x86.Build.0 = Release|Any CPU
		{F9BF9365-2AC5-483A-AD01-125F132DB572}.Debug|Any CPU.ActiveCfg = Debug|Any CPU
		{F9BF9365-2AC5-483A-AD01-125F132DB572}.Debug|Any CPU.Build.0 = Debug|Any CPU
		{F9BF9365-2AC5-483A-AD01-125F132DB572}.Debug|x64.ActiveCfg = Debug|Any CPU
		{F9BF9365-2AC5-483A-AD01-125F132DB572}.Debug|x64.Build.0 = Debug|Any CPU
		{F9BF9365-2AC5-483A-AD01-125F132DB572}.Debug|x86.ActiveCfg = Debug|Any CPU
		{F9BF9365-2AC5-483A-AD01-125F132DB572}.Debug|x86.Build.0 = Debug|Any CPU
		{F9BF9365-2AC5-483A-AD01-125F132DB572}.Release|Any CPU.ActiveCfg = Release|Any CPU
		{F9BF9365-2AC5-483A-AD01-125F132DB572}.Release|Any CPU.Build.0 = Release|Any CPU
		{F9BF9365-2AC5-483A-AD01-125F132DB572}.Release|x64.ActiveCfg = Release|Any CPU
		{F9BF9365-2AC5-483A-AD01-125F132DB572}.Release|x64.Build.0 = Release|Any CPU
		{F9BF9365-2AC5-483A-AD01-125F132DB572}.Release|x86.ActiveCfg = Release|Any CPU
		{F9BF9365-2AC5-483A-AD01-125F132DB572}.Release|x86.Build.0 = Release|Any CPU
	EndGlobalSection
EndGlobal
